
Microsoft Visual Studio Solution File, Format Version 12.00
# Visual Studio Version 17
VisualStudioVersion = 17.8.34309.116
MinimumVisualStudioVersion = 10.0.40219.1
Project("{FAE04EC0-301F-11D3-BF4B-00C04F79EFBC}") = "Predrok2324", "Predrok2324\Predrok2324.csproj", "{62D0E04B-C7D3-4F59-AAFB-5023DA172FEC}"
EndProject
Project("{FAE04EC0-301F-11D3-BF4B-00C04F79EFBC}") = "CompanyExercise", "CompanyExercise\CompanyExercise.csproj", "{16B13DB8-B201-4A8D-B059-661FA6137FBB}"
EndProject
Project("{FAE04EC0-301F-11D3-BF4B-00C04F79EFBC}") = "IoTExercise", "IoTExercise\IoTExercise.csproj", "{4598F681-230D-4FA6-99D1-518A49C85287}"
EndProject
Project("{FAE04EC0-301F-11D3-BF4B-00C04F79EFBC}") = "CircleExercise", "CircleExercise\CircleExercise.csproj", "{24D93A2F-0640-49CC-8968-312B6E782B7D}"
EndProject
Global
	GlobalSection(SolutionConfigurationPlatforms) = preSolution
		Debug|Any CPU = Debug|Any CPU
		Release|Any CPU = Release|Any CPU
	EndGlobalSection
	GlobalSection(ProjectConfigurationPlatforms) = postSolution
		{62D0E04B-C7D3-4F59-AAFB-5023DA172FEC}.Debug|Any CPU.ActiveCfg = Debug|Any CPU
		{62D0E04B-C7D3-4F59-AAFB-5023DA172FEC}.Debug|Any CPU.Build.0 = Debug|Any CPU
		{62D0E04B-C7D3-4F59-AAFB-5023DA172FEC}.Release|Any CPU.ActiveCfg = Release|Any CPU
		{62D0E04B-C7D3-4F59-AAFB-5023DA172FEC}.Release|Any CPU.Build.0 = Release|Any CPU
		{16B13DB8-B201-4A8D-B059-661FA6137FBB}.Debug|Any CPU.ActiveCfg = Debug|Any CPU
		{16B13DB8-B201-4A8D-B059-661FA6137FBB}.Debug|Any CPU.Build.0 = Debug|Any CPU
		{16B13DB8-B201-4A8D-B059-661FA6137FBB}.Release|Any CPU.ActiveCfg = Release|Any CPU
		{16B13DB8-B201-4A8D-B059-661FA6137FBB}.Release|Any CPU.Build.0 = Release|Any CPU
		{4598F681-230D-4FA6-99D1-518A49C85287}.Debug|Any CPU.ActiveCfg = Debug|Any CPU
		{4598F681-230D-4FA6-99D1-518A49C85287}.Debug|Any CPU.Build.0 = Debug|Any CPU
		{4598F681-230D-4FA6-99D1-518A49C85287}.Release|Any CPU.ActiveCfg = Release|Any CPU
		{4598F681-230D-4FA6-99D1-518A49C85287}.Release|Any CPU.Build.0 = Release|Any CPU
		{24D93A2F-0640-49CC-8968-312B6E782B7D}.Debug|Any CPU.ActiveCfg = Debug|Any CPU
		{24D93A2F-0640-49CC-8968-312B6E782B7D}.Debug|Any CPU.Build.0 = Debug|Any CPU
		{24D93A2F-0640-49CC-8968-312B6E782B7D}.Release|Any CPU.ActiveCfg = Release|Any CPU
		{24D93A2F-0640-49CC-8968-312B6E782B7D}.Release|Any CPU.Build.0 = Release|Any CPU
	EndGlobalSection
	GlobalSection(SolutionProperties) = preSolution
		HideSolutionNode = FALSE
	EndGlobalSection
	GlobalSection(ExtensibilityGlobals) = postSolution
		SolutionGuid = {7D1674B6-6D09-4F16-B21F-BA009D742C5C}
	EndGlobalSection
EndGlobal
